
Microsoft Visual Studio Solution File, Format Version 12.00
Project("{FAE04EC0-301F-11D3-BF4B-00C04F79EFBC}") = "Silo", "Silo\Silo.csproj", "{F2974B6C-F78B-4ED5-A646-75F482026E8D}"
EndProject
Project("{FAE04EC0-301F-11D3-BF4B-00C04F79EFBC}") = "Client", "Client\Client.csproj", "{21EDA6BF-103A-4E30-88AF-46FD9A197525}"
EndProject
Project("{FAE04EC0-301F-11D3-BF4B-00C04F79EFBC}") = "GrainInterfaces", "GrainInterfaces\GrainInterfaces.csproj", "{85B22B54-FE14-4F90-9553-85EE89F977CA}"
EndProject
Project("{FAE04EC0-301F-11D3-BF4B-00C04F79EFBC}") = "Grains", "Grains\Grains.csproj", "{B783C02B-0001-4E12-8ED2-BDD8554886D2}"
EndProject
Global
	GlobalSection(SolutionConfigurationPlatforms) = preSolution
		Debug|Any CPU = Debug|Any CPU
		Release|Any CPU = Release|Any CPU
	EndGlobalSection
	GlobalSection(ProjectConfigurationPlatforms) = postSolution
		{F2974B6C-F78B-4ED5-A646-75F482026E8D}.Debug|Any CPU.ActiveCfg = Debug|Any CPU
		{F2974B6C-F78B-4ED5-A646-75F482026E8D}.Debug|Any CPU.Build.0 = Debug|Any CPU
		{F2974B6C-F78B-4ED5-A646-75F482026E8D}.Release|Any CPU.ActiveCfg = Release|Any CPU
		{F2974B6C-F78B-4ED5-A646-75F482026E8D}.Release|Any CPU.Build.0 = Release|Any CPU
		{21EDA6BF-103A-4E30-88AF-46FD9A197525}.Debug|Any CPU.ActiveCfg = Debug|Any CPU
		{21EDA6BF-103A-4E30-88AF-46FD9A197525}.Debug|Any CPU.Build.0 = Debug|Any CPU
		{21EDA6BF-103A-4E30-88AF-46FD9A197525}.Release|Any CPU.ActiveCfg = Release|Any CPU
		{21EDA6BF-103A-4E30-88AF-46FD9A197525}.Release|Any CPU.Build.0 = Release|Any CPU
		{85B22B54-FE14-4F90-9553-85EE89F977CA}.Debug|Any CPU.ActiveCfg = Debug|Any CPU
		{85B22B54-FE14-4F90-9553-85EE89F977CA}.Debug|Any CPU.Build.0 = Debug|Any CPU
		{85B22B54-FE14-4F90-9553-85EE89F977CA}.Release|Any CPU.ActiveCfg = Release|Any CPU
		{85B22B54-FE14-4F90-9553-85EE89F977CA}.Release|Any CPU.Build.0 = Release|Any CPU
		{B783C02B-0001-4E12-8ED2-BDD8554886D2}.Debug|Any CPU.ActiveCfg = Debug|Any CPU
		{B783C02B-0001-4E12-8ED2-BDD8554886D2}.Debug|Any CPU.Build.0 = Debug|Any CPU
		{B783C02B-0001-4E12-8ED2-BDD8554886D2}.Release|Any CPU.ActiveCfg = Release|Any CPU
		{B783C02B-0001-4E12-8ED2-BDD8554886D2}.Release|Any CPU.Build.0 = Release|Any CPU
	EndGlobalSection
EndGlobal
